// !$*UTF8*$!
{
	archiveVersion = 1;
	classes = {
	};
	objectVersion = 56;
	objects = {

/* Begin PBXBuildFile section */
		945FAB7629DE494D00D62160 /* ImagePicker.swift in Sources */ = {isa = PBXBuildFile; fileRef = 945FAB7529DE494C00D62160 /* ImagePicker.swift */; };
		945FAB7829DE4FCD00D62160 /* AlertView.swift in Sources */ = {isa = PBXBuildFile; fileRef = 945FAB7729DE4FCD00D62160 /* AlertView.swift */; };
		945FAB7E29DE5D5100D62160 /* Post.swift in Sources */ = {isa = PBXBuildFile; fileRef = 945FAB7D29DE5D5100D62160 /* Post.swift */; };
		945FAB8229DE5E7B00D62160 /* PostDetail.swift in Sources */ = {isa = PBXBuildFile; fileRef = 945FAB8129DE5E7B00D62160 /* PostDetail.swift */; };
		945FAB8429DE5FA200D62160 /* ModelPostData.swift in Sources */ = {isa = PBXBuildFile; fileRef = 945FAB8329DE5FA200D62160 /* ModelPostData.swift */; };
		945FAB8629DE5FF000D62160 /* PostData.json in Resources */ = {isa = PBXBuildFile; fileRef = 945FAB8529DE5FF000D62160 /* PostData.json */; };
		945FAB8829DE615700D62160 /* PostSquareImage.swift in Sources */ = {isa = PBXBuildFile; fileRef = 945FAB8729DE615700D62160 /* PostSquareImage.swift */; };
		94F9097F29A9E36D00875200 /* Launch Screen.storyboard in Resources */ = {isa = PBXBuildFile; fileRef = 94F9097E29A9E36D00875200 /* Launch Screen.storyboard */; };
		94F9098129A9E52F00875200 /* FeedView.swift in Sources */ = {isa = PBXBuildFile; fileRef = 94F9098029A9E52F00875200 /* FeedView.swift */; };
		94F9098329A9EA0C00875200 /* ProfileView.swift in Sources */ = {isa = PBXBuildFile; fileRef = 94F9098229A9EA0C00875200 /* ProfileView.swift */; };
		94F9098529A9EB8400875200 /* RecipeView.swift in Sources */ = {isa = PBXBuildFile; fileRef = 94F9098429A9EB8400875200 /* RecipeView.swift */; };
		94F9098729A9F4CF00875200 /* UserDetail.swift in Sources */ = {isa = PBXBuildFile; fileRef = 94F9098629A9F4CF00875200 /* UserDetail.swift */; };
		94F9098929A9F83B00875200 /* UserCircleImage.swift in Sources */ = {isa = PBXBuildFile; fileRef = 94F9098829A9F83B00875200 /* UserCircleImage.swift */; };
		94F9098F29A9FFA700875200 /* User.swift in Sources */ = {isa = PBXBuildFile; fileRef = 94F9098E29A9FFA700875200 /* User.swift */; };
		94F9099729AA01B400875200 /* ModelUserData.swift in Sources */ = {isa = PBXBuildFile; fileRef = 94F9099629AA01B400875200 /* ModelUserData.swift */; };
		94F9099B29AA022900875200 /* UserData.json in Resources */ = {isa = PBXBuildFile; fileRef = 94F9099A29AA022900875200 /* UserData.json */; };
		94F9099D29AA0EBD00875200 /* FriendsView.swift in Sources */ = {isa = PBXBuildFile; fileRef = 94F9099C29AA0EBD00875200 /* FriendsView.swift */; };
		94F9099F29AA0F5200875200 /* UserRow.swift in Sources */ = {isa = PBXBuildFile; fileRef = 94F9099E29AA0F5200875200 /* UserRow.swift */; };
		94F909A129AA104E00875200 /* UserList.swift in Sources */ = {isa = PBXBuildFile; fileRef = 94F909A029AA104E00875200 /* UserList.swift */; };
		F3B68A1629A97CF1004D2DF0 /* WhatIAteToday_Ver1App.swift in Sources */ = {isa = PBXBuildFile; fileRef = F3B68A1529A97CF1004D2DF0 /* WhatIAteToday_Ver1App.swift */; };
		F3B68A1829A97CF1004D2DF0 /* ContentView.swift in Sources */ = {isa = PBXBuildFile; fileRef = F3B68A1729A97CF1004D2DF0 /* ContentView.swift */; };
		F3B68A1A29A97CF4004D2DF0 /* Assets.xcassets in Resources */ = {isa = PBXBuildFile; fileRef = F3B68A1929A97CF4004D2DF0 /* Assets.xcassets */; };
		F3B68A1D29A97CF4004D2DF0 /* Preview Assets.xcassets in Resources */ = {isa = PBXBuildFile; fileRef = F3B68A1C29A97CF4004D2DF0 /* Preview Assets.xcassets */; };
		F3B68A2729A97CF4004D2DF0 /* WhatIAteToday_Ver1Tests.swift in Sources */ = {isa = PBXBuildFile; fileRef = F3B68A2629A97CF4004D2DF0 /* WhatIAteToday_Ver1Tests.swift */; };
		F3B68A3129A97CF4004D2DF0 /* WhatIAteToday_Ver1UITests.swift in Sources */ = {isa = PBXBuildFile; fileRef = F3B68A3029A97CF4004D2DF0 /* WhatIAteToday_Ver1UITests.swift */; };
		F3B68A3329A97CF4004D2DF0 /* WhatIAteToday_Ver1UITestsLaunchTests.swift in Sources */ = {isa = PBXBuildFile; fileRef = F3B68A3229A97CF4004D2DF0 /* WhatIAteToday_Ver1UITestsLaunchTests.swift */; };
		F3E88E0B29CE4E06006E8651 /* PictureUpload.swift in Sources */ = {isa = PBXBuildFile; fileRef = F3E88E0A29CE4E06006E8651 /* PictureUpload.swift */; };
/* End PBXBuildFile section */

/* Begin PBXContainerItemProxy section */
		F3B68A2329A97CF4004D2DF0 /* PBXContainerItemProxy */ = {
			isa = PBXContainerItemProxy;
			containerPortal = F3B68A0A29A97CF1004D2DF0 /* Project object */;
			proxyType = 1;
			remoteGlobalIDString = F3B68A1129A97CF1004D2DF0;
			remoteInfo = WhatIAteToday.Ver1;
		};
		F3B68A2D29A97CF4004D2DF0 /* PBXContainerItemProxy */ = {
			isa = PBXContainerItemProxy;
			containerPortal = F3B68A0A29A97CF1004D2DF0 /* Project object */;
			proxyType = 1;
			remoteGlobalIDString = F3B68A1129A97CF1004D2DF0;
			remoteInfo = WhatIAteToday.Ver1;
		};
/* End PBXContainerItemProxy section */

/* Begin PBXFileReference section */
		945FAB7529DE494C00D62160 /* ImagePicker.swift */ = {isa = PBXFileReference; fileEncoding = 4; lastKnownFileType = sourcecode.swift; path = ImagePicker.swift; sourceTree = "<group>"; };
		945FAB7729DE4FCD00D62160 /* AlertView.swift */ = {isa = PBXFileReference; lastKnownFileType = sourcecode.swift; path = AlertView.swift; sourceTree = "<group>"; };
		945FAB7D29DE5D5100D62160 /* Post.swift */ = {isa = PBXFileReference; lastKnownFileType = sourcecode.swift; path = Post.swift; sourceTree = "<group>"; };
		945FAB8129DE5E7B00D62160 /* PostDetail.swift */ = {isa = PBXFileReference; lastKnownFileType = sourcecode.swift; path = PostDetail.swift; sourceTree = "<group>"; };
		945FAB8329DE5FA200D62160 /* ModelPostData.swift */ = {isa = PBXFileReference; lastKnownFileType = sourcecode.swift; path = ModelPostData.swift; sourceTree = "<group>"; };
		945FAB8529DE5FF000D62160 /* PostData.json */ = {isa = PBXFileReference; lastKnownFileType = text.json; path = PostData.json; sourceTree = "<group>"; };
		945FAB8729DE615700D62160 /* PostSquareImage.swift */ = {isa = PBXFileReference; lastKnownFileType = sourcecode.swift; path = PostSquareImage.swift; sourceTree = "<group>"; };
		94F9097E29A9E36D00875200 /* Launch Screen.storyboard */ = {isa = PBXFileReference; lastKnownFileType = file.storyboard; path = "Launch Screen.storyboard"; sourceTree = "<group>"; };
		94F9098029A9E52F00875200 /* FeedView.swift */ = {isa = PBXFileReference; lastKnownFileType = sourcecode.swift; path = FeedView.swift; sourceTree = "<group>"; };
		94F9098229A9EA0C00875200 /* ProfileView.swift */ = {isa = PBXFileReference; lastKnownFileType = sourcecode.swift; path = ProfileView.swift; sourceTree = "<group>"; };
		94F9098429A9EB8400875200 /* RecipeView.swift */ = {isa = PBXFileReference; lastKnownFileType = sourcecode.swift; path = RecipeView.swift; sourceTree = "<group>"; };
		94F9098629A9F4CF00875200 /* UserDetail.swift */ = {isa = PBXFileReference; lastKnownFileType = sourcecode.swift; path = UserDetail.swift; sourceTree = "<group>"; };
		94F9098829A9F83B00875200 /* UserCircleImage.swift */ = {isa = PBXFileReference; lastKnownFileType = sourcecode.swift; path = UserCircleImage.swift; sourceTree = "<group>"; };
		94F9098E29A9FFA700875200 /* User.swift */ = {isa = PBXFileReference; lastKnownFileType = sourcecode.swift; path = User.swift; sourceTree = "<group>"; };
		94F9099629AA01B400875200 /* ModelUserData.swift */ = {isa = PBXFileReference; lastKnownFileType = sourcecode.swift; path = ModelUserData.swift; sourceTree = "<group>"; };
		94F9099A29AA022900875200 /* UserData.json */ = {isa = PBXFileReference; fileEncoding = 4; lastKnownFileType = text.json; path = UserData.json; sourceTree = "<group>"; };
		94F9099C29AA0EBD00875200 /* FriendsView.swift */ = {isa = PBXFileReference; lastKnownFileType = sourcecode.swift; path = FriendsView.swift; sourceTree = "<group>"; };
		94F9099E29AA0F5200875200 /* UserRow.swift */ = {isa = PBXFileReference; lastKnownFileType = sourcecode.swift; path = UserRow.swift; sourceTree = "<group>"; };
		94F909A029AA104E00875200 /* UserList.swift */ = {isa = PBXFileReference; lastKnownFileType = sourcecode.swift; path = UserList.swift; sourceTree = "<group>"; };
		F3B68A1229A97CF1004D2DF0 /* WhatIAteToday.Ver1.app */ = {isa = PBXFileReference; explicitFileType = wrapper.application; includeInIndex = 0; path = WhatIAteToday.Ver1.app; sourceTree = BUILT_PRODUCTS_DIR; };
		F3B68A1529A97CF1004D2DF0 /* WhatIAteToday_Ver1App.swift */ = {isa = PBXFileReference; lastKnownFileType = sourcecode.swift; path = WhatIAteToday_Ver1App.swift; sourceTree = "<group>"; };
		F3B68A1729A97CF1004D2DF0 /* ContentView.swift */ = {isa = PBXFileReference; lastKnownFileType = sourcecode.swift; path = ContentView.swift; sourceTree = "<group>"; };
		F3B68A1929A97CF4004D2DF0 /* Assets.xcassets */ = {isa = PBXFileReference; lastKnownFileType = folder.assetcatalog; path = Assets.xcassets; sourceTree = "<group>"; };
		F3B68A1C29A97CF4004D2DF0 /* Preview Assets.xcassets */ = {isa = PBXFileReference; lastKnownFileType = folder.assetcatalog; path = "Preview Assets.xcassets"; sourceTree = "<group>"; };
		F3B68A2229A97CF4004D2DF0 /* WhatIAteToday.Ver1Tests.xctest */ = {isa = PBXFileReference; explicitFileType = wrapper.cfbundle; includeInIndex = 0; path = WhatIAteToday.Ver1Tests.xctest; sourceTree = BUILT_PRODUCTS_DIR; };
		F3B68A2629A97CF4004D2DF0 /* WhatIAteToday_Ver1Tests.swift */ = {isa = PBXFileReference; lastKnownFileType = sourcecode.swift; path = WhatIAteToday_Ver1Tests.swift; sourceTree = "<group>"; };
		F3B68A2C29A97CF4004D2DF0 /* WhatIAteToday.Ver1UITests.xctest */ = {isa = PBXFileReference; explicitFileType = wrapper.cfbundle; includeInIndex = 0; path = WhatIAteToday.Ver1UITests.xctest; sourceTree = BUILT_PRODUCTS_DIR; };
		F3B68A3029A97CF4004D2DF0 /* WhatIAteToday_Ver1UITests.swift */ = {isa = PBXFileReference; lastKnownFileType = sourcecode.swift; path = WhatIAteToday_Ver1UITests.swift; sourceTree = "<group>"; };
		F3B68A3229A97CF4004D2DF0 /* WhatIAteToday_Ver1UITestsLaunchTests.swift */ = {isa = PBXFileReference; lastKnownFileType = sourcecode.swift; path = WhatIAteToday_Ver1UITestsLaunchTests.swift; sourceTree = "<group>"; };
		F3E88E0A29CE4E06006E8651 /* PictureUpload.swift */ = {isa = PBXFileReference; lastKnownFileType = sourcecode.swift; path = PictureUpload.swift; sourceTree = "<group>"; };
/* End PBXFileReference section */

/* Begin PBXFrameworksBuildPhase section */
		F3B68A0F29A97CF1004D2DF0 /* Frameworks */ = {
			isa = PBXFrameworksBuildPhase;
			buildActionMask = 2147483647;
			files = (
			);
			runOnlyForDeploymentPostprocessing = 0;
		};
		F3B68A1F29A97CF4004D2DF0 /* Frameworks */ = {
			isa = PBXFrameworksBuildPhase;
			buildActionMask = 2147483647;
			files = (
			);
			runOnlyForDeploymentPostprocessing = 0;
		};
		F3B68A2929A97CF4004D2DF0 /* Frameworks */ = {
			isa = PBXFrameworksBuildPhase;
			buildActionMask = 2147483647;
			files = (
			);
			runOnlyForDeploymentPostprocessing = 0;
		};
/* End PBXFrameworksBuildPhase section */

/* Begin PBXGroup section */
		94F9098C29A9FF6600875200 /* Views */ = {
			isa = PBXGroup;
			children = (
				945FAB7529DE494C00D62160 /* ImagePicker.swift */,
				F3B68A1729A97CF1004D2DF0 /* ContentView.swift */,
				94F9098029A9E52F00875200 /* FeedView.swift */,
				94F9098429A9EB8400875200 /* RecipeView.swift */,
				94F9099C29AA0EBD00875200 /* FriendsView.swift */,
				94F9099E29AA0F5200875200 /* UserRow.swift */,
				94F909A029AA104E00875200 /* UserList.swift */,
				94F9098229A9EA0C00875200 /* ProfileView.swift */,
				94F9098629A9F4CF00875200 /* UserDetail.swift */,
				94F9098829A9F83B00875200 /* UserCircleImage.swift */,
				945FAB8729DE615700D62160 /* PostSquareImage.swift */,
				F3E88E0A29CE4E06006E8651 /* PictureUpload.swift */,
				945FAB7729DE4FCD00D62160 /* AlertView.swift */,
				945FAB8129DE5E7B00D62160 /* PostDetail.swift */,
			);
			path = Views;
			sourceTree = "<group>";
		};
		94F9098D29A9FF7400875200 /* Model */ = {
			isa = PBXGroup;
			children = (
				94F9098E29A9FFA700875200 /* User.swift */,
				94F9099629AA01B400875200 /* ModelUserData.swift */,
				945FAB7D29DE5D5100D62160 /* Post.swift */,
				945FAB8329DE5FA200D62160 /* ModelPostData.swift */,
			);
			path = Model;
			sourceTree = "<group>";
		};
		94F9099029AA00B100875200 /* Resources */ = {
			isa = PBXGroup;
			children = (
				94F9099A29AA022900875200 /* UserData.json */,
				945FAB8529DE5FF000D62160 /* PostData.json */,
			);
			path = Resources;
			sourceTree = "<group>";
		};
		F3B68A0929A97CF1004D2DF0 = {
			isa = PBXGroup;
			children = (
				F3B68A1429A97CF1004D2DF0 /* WhatIAteToday.Ver1 */,
				F3B68A2529A97CF4004D2DF0 /* WhatIAteToday.Ver1Tests */,
				F3B68A2F29A97CF4004D2DF0 /* WhatIAteToday.Ver1UITests */,
				F3B68A1329A97CF1004D2DF0 /* Products */,
			);
			sourceTree = "<group>";
		};
		F3B68A1329A97CF1004D2DF0 /* Products */ = {
			isa = PBXGroup;
			children = (
				F3B68A1229A97CF1004D2DF0 /* WhatIAteToday.Ver1.app */,
				F3B68A2229A97CF4004D2DF0 /* WhatIAteToday.Ver1Tests.xctest */,
				F3B68A2C29A97CF4004D2DF0 /* WhatIAteToday.Ver1UITests.xctest */,
			);
			name = Products;
			sourceTree = "<group>";
		};
		F3B68A1429A97CF1004D2DF0 /* WhatIAteToday.Ver1 */ = {
			isa = PBXGroup;
			children = (
				F3B68A1529A97CF1004D2DF0 /* WhatIAteToday_Ver1App.swift */,
				94F9098D29A9FF7400875200 /* Model */,
				94F9098C29A9FF6600875200 /* Views */,
				94F9097E29A9E36D00875200 /* Launch Screen.storyboard */,
				94F9099029AA00B100875200 /* Resources */,
				F3B68A1929A97CF4004D2DF0 /* Assets.xcassets */,
				F3B68A1B29A97CF4004D2DF0 /* Preview Content */,
			);
			path = WhatIAteToday.Ver1;
			sourceTree = "<group>";
		};
		F3B68A1B29A97CF4004D2DF0 /* Preview Content */ = {
			isa = PBXGroup;
			children = (
				F3B68A1C29A97CF4004D2DF0 /* Preview Assets.xcassets */,
			);
			path = "Preview Content";
			sourceTree = "<group>";
		};
		F3B68A2529A97CF4004D2DF0 /* WhatIAteToday.Ver1Tests */ = {
			isa = PBXGroup;
			children = (
				F3B68A2629A97CF4004D2DF0 /* WhatIAteToday_Ver1Tests.swift */,
			);
			path = WhatIAteToday.Ver1Tests;
			sourceTree = "<group>";
		};
		F3B68A2F29A97CF4004D2DF0 /* WhatIAteToday.Ver1UITests */ = {
			isa = PBXGroup;
			children = (
				F3B68A3029A97CF4004D2DF0 /* WhatIAteToday_Ver1UITests.swift */,
				F3B68A3229A97CF4004D2DF0 /* WhatIAteToday_Ver1UITestsLaunchTests.swift */,
			);
			path = WhatIAteToday.Ver1UITests;
			sourceTree = "<group>";
		};
/* End PBXGroup section */

/* Begin PBXNativeTarget section */
		F3B68A1129A97CF1004D2DF0 /* WhatIAteToday.Ver1 */ = {
			isa = PBXNativeTarget;
			buildConfigurationList = F3B68A3629A97CF4004D2DF0 /* Build configuration list for PBXNativeTarget "WhatIAteToday.Ver1" */;
			buildPhases = (
				F3B68A0E29A97CF1004D2DF0 /* Sources */,
				F3B68A0F29A97CF1004D2DF0 /* Frameworks */,
				F3B68A1029A97CF1004D2DF0 /* Resources */,
			);
			buildRules = (
			);
			dependencies = (
			);
			name = WhatIAteToday.Ver1;
			productName = WhatIAteToday.Ver1;
			productReference = F3B68A1229A97CF1004D2DF0 /* WhatIAteToday.Ver1.app */;
			productType = "com.apple.product-type.application";
		};
		F3B68A2129A97CF4004D2DF0 /* WhatIAteToday.Ver1Tests */ = {
			isa = PBXNativeTarget;
			buildConfigurationList = F3B68A3929A97CF4004D2DF0 /* Build configuration list for PBXNativeTarget "WhatIAteToday.Ver1Tests" */;
			buildPhases = (
				F3B68A1E29A97CF4004D2DF0 /* Sources */,
				F3B68A1F29A97CF4004D2DF0 /* Frameworks */,
				F3B68A2029A97CF4004D2DF0 /* Resources */,
			);
			buildRules = (
			);
			dependencies = (
				F3B68A2429A97CF4004D2DF0 /* PBXTargetDependency */,
			);
			name = WhatIAteToday.Ver1Tests;
			productName = WhatIAteToday.Ver1Tests;
			productReference = F3B68A2229A97CF4004D2DF0 /* WhatIAteToday.Ver1Tests.xctest */;
			productType = "com.apple.product-type.bundle.unit-test";
		};
		F3B68A2B29A97CF4004D2DF0 /* WhatIAteToday.Ver1UITests */ = {
			isa = PBXNativeTarget;
			buildConfigurationList = F3B68A3C29A97CF4004D2DF0 /* Build configuration list for PBXNativeTarget "WhatIAteToday.Ver1UITests" */;
			buildPhases = (
				F3B68A2829A97CF4004D2DF0 /* Sources */,
				F3B68A2929A97CF4004D2DF0 /* Frameworks */,
				F3B68A2A29A97CF4004D2DF0 /* Resources */,
			);
			buildRules = (
			);
			dependencies = (
				F3B68A2E29A97CF4004D2DF0 /* PBXTargetDependency */,
			);
			name = WhatIAteToday.Ver1UITests;
			productName = WhatIAteToday.Ver1UITests;
			productReference = F3B68A2C29A97CF4004D2DF0 /* WhatIAteToday.Ver1UITests.xctest */;
			productType = "com.apple.product-type.bundle.ui-testing";
		};
/* End PBXNativeTarget section */

/* Begin PBXProject section */
		F3B68A0A29A97CF1004D2DF0 /* Project object */ = {
			isa = PBXProject;
			attributes = {
				BuildIndependentTargetsInParallel = 1;
				LastSwiftUpdateCheck = 1420;
				LastUpgradeCheck = 1420;
				TargetAttributes = {
					F3B68A1129A97CF1004D2DF0 = {
						CreatedOnToolsVersion = 14.2;
					};
					F3B68A2129A97CF4004D2DF0 = {
						CreatedOnToolsVersion = 14.2;
						TestTargetID = F3B68A1129A97CF1004D2DF0;
					};
					F3B68A2B29A97CF4004D2DF0 = {
						CreatedOnToolsVersion = 14.2;
						TestTargetID = F3B68A1129A97CF1004D2DF0;
					};
				};
			};
			buildConfigurationList = F3B68A0D29A97CF1004D2DF0 /* Build configuration list for PBXProject "WhatIAteToday.Ver1" */;
			compatibilityVersion = "Xcode 14.0";
			developmentRegion = en;
			hasScannedForEncodings = 0;
			knownRegions = (
				en,
				Base,
			);
			mainGroup = F3B68A0929A97CF1004D2DF0;
			productRefGroup = F3B68A1329A97CF1004D2DF0 /* Products */;
			projectDirPath = "";
			projectRoot = "";
			targets = (
				F3B68A1129A97CF1004D2DF0 /* WhatIAteToday.Ver1 */,
				F3B68A2129A97CF4004D2DF0 /* WhatIAteToday.Ver1Tests */,
				F3B68A2B29A97CF4004D2DF0 /* WhatIAteToday.Ver1UITests */,
			);
		};
/* End PBXProject section */

/* Begin PBXResourcesBuildPhase section */
		F3B68A1029A97CF1004D2DF0 /* Resources */ = {
			isa = PBXResourcesBuildPhase;
			buildActionMask = 2147483647;
			files = (
				94F9097F29A9E36D00875200 /* Launch Screen.storyboard in Resources */,
				94F9099B29AA022900875200 /* UserData.json in Resources */,
				945FAB8629DE5FF000D62160 /* PostData.json in Resources */,
				F3B68A1D29A97CF4004D2DF0 /* Preview Assets.xcassets in Resources */,
				F3B68A1A29A97CF4004D2DF0 /* Assets.xcassets in Resources */,
			);
			runOnlyForDeploymentPostprocessing = 0;
		};
		F3B68A2029A97CF4004D2DF0 /* Resources */ = {
			isa = PBXResourcesBuildPhase;
			buildActionMask = 2147483647;
			files = (
			);
			runOnlyForDeploymentPostprocessing = 0;
		};
		F3B68A2A29A97CF4004D2DF0 /* Resources */ = {
			isa = PBXResourcesBuildPhase;
			buildActionMask = 2147483647;
			files = (
			);
			runOnlyForDeploymentPostprocessing = 0;
		};
/* End PBXResourcesBuildPhase section */

/* Begin PBXSourcesBuildPhase section */
		F3B68A0E29A97CF1004D2DF0 /* Sources */ = {
			isa = PBXSourcesBuildPhase;
			buildActionMask = 2147483647;
			files = (
				94F9099D29AA0EBD00875200 /* FriendsView.swift in Sources */,
				94F9098329A9EA0C00875200 /* ProfileView.swift in Sources */,
				94F9098729A9F4CF00875200 /* UserDetail.swift in Sources */,
				945FAB8429DE5FA200D62160 /* ModelPostData.swift in Sources */,
				945FAB7629DE494D00D62160 /* ImagePicker.swift in Sources */,
				F3B68A1829A97CF1004D2DF0 /* ContentView.swift in Sources */,
				945FAB7829DE4FCD00D62160 /* AlertView.swift in Sources */,
				945FAB8829DE615700D62160 /* PostSquareImage.swift in Sources */,
				94F909A129AA104E00875200 /* UserList.swift in Sources */,
				94F9098929A9F83B00875200 /* UserCircleImage.swift in Sources */,
				F3E88E0B29CE4E06006E8651 /* PictureUpload.swift in Sources */,
				945FAB8229DE5E7B00D62160 /* PostDetail.swift in Sources */,
				94F9098F29A9FFA700875200 /* User.swift in Sources */,
				945FAB7E29DE5D5100D62160 /* Post.swift in Sources */,
				94F9098129A9E52F00875200 /* FeedView.swift in Sources */,
				F3B68A1629A97CF1004D2DF0 /* WhatIAteToday_Ver1App.swift in Sources */,
				94F9099729AA01B400875200 /* ModelUserData.swift in Sources */,
				94F9099F29AA0F5200875200 /* UserRow.swift in Sources */,
				94F9098529A9EB8400875200 /* RecipeView.swift in Sources */,
			);
			runOnlyForDeploymentPostprocessing = 0;
		};
		F3B68A1E29A97CF4004D2DF0 /* Sources */ = {
			isa = PBXSourcesBuildPhase;
			buildActionMask = 2147483647;
			files = (
				F3B68A2729A97CF4004D2DF0 /* WhatIAteToday_Ver1Tests.swift in Sources */,
			);
			runOnlyForDeploymentPostprocessing = 0;
		};
		F3B68A2829A97CF4004D2DF0 /* Sources */ = {
			isa = PBXSourcesBuildPhase;
			buildActionMask = 2147483647;
			files = (
				F3B68A3129A97CF4004D2DF0 /* WhatIAteToday_Ver1UITests.swift in Sources */,
				F3B68A3329A97CF4004D2DF0 /* WhatIAteToday_Ver1UITestsLaunchTests.swift in Sources */,
			);
			runOnlyForDeploymentPostprocessing = 0;
		};
/* End PBXSourcesBuildPhase section */

/* Begin PBXTargetDependency section */
		F3B68A2429A97CF4004D2DF0 /* PBXTargetDependency */ = {
			isa = PBXTargetDependency;
			target = F3B68A1129A97CF1004D2DF0 /* WhatIAteToday.Ver1 */;
			targetProxy = F3B68A2329A97CF4004D2DF0 /* PBXContainerItemProxy */;
		};
		F3B68A2E29A97CF4004D2DF0 /* PBXTargetDependency */ = {
			isa = PBXTargetDependency;
			target = F3B68A1129A97CF1004D2DF0 /* WhatIAteToday.Ver1 */;
			targetProxy = F3B68A2D29A97CF4004D2DF0 /* PBXContainerItemProxy */;
		};
/* End PBXTargetDependency section */

/* Begin XCBuildConfiguration section */
		F3B68A3429A97CF4004D2DF0 /* Debug */ = {
			isa = XCBuildConfiguration;
			buildSettings = {
				ALWAYS_SEARCH_USER_PATHS = NO;
				CLANG_ANALYZER_NONNULL = YES;
				CLANG_ANALYZER_NUMBER_OBJECT_CONVERSION = YES_AGGRESSIVE;
				CLANG_CXX_LANGUAGE_STANDARD = "gnu++20";
				CLANG_ENABLE_MODULES = YES;
				CLANG_ENABLE_OBJC_ARC = YES;
				CLANG_ENABLE_OBJC_WEAK = YES;
				CLANG_WARN_BLOCK_CAPTURE_AUTORELEASING = YES;
				CLANG_WARN_BOOL_CONVERSION = YES;
				CLANG_WARN_COMMA = YES;
				CLANG_WARN_CONSTANT_CONVERSION = YES;
				CLANG_WARN_DEPRECATED_OBJC_IMPLEMENTATIONS = YES;
				CLANG_WARN_DIRECT_OBJC_ISA_USAGE = YES_ERROR;
				CLANG_WARN_DOCUMENTATION_COMMENTS = YES;
				CLANG_WARN_EMPTY_BODY = YES;
				CLANG_WARN_ENUM_CONVERSION = YES;
				CLANG_WARN_INFINITE_RECURSION = YES;
				CLANG_WARN_INT_CONVERSION = YES;
				CLANG_WARN_NON_LITERAL_NULL_CONVERSION = YES;
				CLANG_WARN_OBJC_IMPLICIT_RETAIN_SELF = YES;
				CLANG_WARN_OBJC_LITERAL_CONVERSION = YES;
				CLANG_WARN_OBJC_ROOT_CLASS = YES_ERROR;
				CLANG_WARN_QUOTED_INCLUDE_IN_FRAMEWORK_HEADER = YES;
				CLANG_WARN_RANGE_LOOP_ANALYSIS = YES;
				CLANG_WARN_STRICT_PROTOTYPES = YES;
				CLANG_WARN_SUSPICIOUS_MOVE = YES;
				CLANG_WARN_UNGUARDED_AVAILABILITY = YES_AGGRESSIVE;
				CLANG_WARN_UNREACHABLE_CODE = YES;
				CLANG_WARN__DUPLICATE_METHOD_MATCH = YES;
				COPY_PHASE_STRIP = NO;
				DEBUG_INFORMATION_FORMAT = dwarf;
				ENABLE_STRICT_OBJC_MSGSEND = YES;
				ENABLE_TESTABILITY = YES;
				GCC_C_LANGUAGE_STANDARD = gnu11;
				GCC_DYNAMIC_NO_PIC = NO;
				GCC_NO_COMMON_BLOCKS = YES;
				GCC_OPTIMIZATION_LEVEL = 0;
				GCC_PREPROCESSOR_DEFINITIONS = (
					"DEBUG=1",
					"$(inherited)",
				);
				GCC_WARN_64_TO_32_BIT_CONVERSION = YES;
				GCC_WARN_ABOUT_RETURN_TYPE = YES_ERROR;
				GCC_WARN_UNDECLARED_SELECTOR = YES;
				GCC_WARN_UNINITIALIZED_AUTOS = YES_AGGRESSIVE;
				GCC_WARN_UNUSED_FUNCTION = YES;
				GCC_WARN_UNUSED_VARIABLE = YES;
				IPHONEOS_DEPLOYMENT_TARGET = 16.2;
				MTL_ENABLE_DEBUG_INFO = INCLUDE_SOURCE;
				MTL_FAST_MATH = YES;
				ONLY_ACTIVE_ARCH = YES;
				SDKROOT = iphoneos;
				SWIFT_ACTIVE_COMPILATION_CONDITIONS = DEBUG;
				SWIFT_OPTIMIZATION_LEVEL = "-Onone";
			};
			name = Debug;
		};
		F3B68A3529A97CF4004D2DF0 /* Release */ = {
			isa = XCBuildConfiguration;
			buildSettings = {
				ALWAYS_SEARCH_USER_PATHS = NO;
				CLANG_ANALYZER_NONNULL = YES;
				CLANG_ANALYZER_NUMBER_OBJECT_CONVERSION = YES_AGGRESSIVE;
				CLANG_CXX_LANGUAGE_STANDARD = "gnu++20";
				CLANG_ENABLE_MODULES = YES;
				CLANG_ENABLE_OBJC_ARC = YES;
				CLANG_ENABLE_OBJC_WEAK = YES;
				CLANG_WARN_BLOCK_CAPTURE_AUTORELEASING = YES;
				CLANG_WARN_BOOL_CONVERSION = YES;
				CLANG_WARN_COMMA = YES;
				CLANG_WARN_CONSTANT_CONVERSION = YES;
				CLANG_WARN_DEPRECATED_OBJC_IMPLEMENTATIONS = YES;
				CLANG_WARN_DIRECT_OBJC_ISA_USAGE = YES_ERROR;
				CLANG_WARN_DOCUMENTATION_COMMENTS = YES;
				CLANG_WARN_EMPTY_BODY = YES;
				CLANG_WARN_ENUM_CONVERSION = YES;
				CLANG_WARN_INFINITE_RECURSION = YES;
				CLANG_WARN_INT_CONVERSION = YES;
				CLANG_WARN_NON_LITERAL_NULL_CONVERSION = YES;
				CLANG_WARN_OBJC_IMPLICIT_RETAIN_SELF = YES;
				CLANG_WARN_OBJC_LITERAL_CONVERSION = YES;
				CLANG_WARN_OBJC_ROOT_CLASS = YES_ERROR;
				CLANG_WARN_QUOTED_INCLUDE_IN_FRAMEWORK_HEADER = YES;
				CLANG_WARN_RANGE_LOOP_ANALYSIS = YES;
				CLANG_WARN_STRICT_PROTOTYPES = YES;
				CLANG_WARN_SUSPICIOUS_MOVE = YES;
				CLANG_WARN_UNGUARDED_AVAILABILITY = YES_AGGRESSIVE;
				CLANG_WARN_UNREACHABLE_CODE = YES;
				CLANG_WARN__DUPLICATE_METHOD_MATCH = YES;
				COPY_PHASE_STRIP = NO;
				DEBUG_INFORMATION_FORMAT = "dwarf-with-dsym";
				ENABLE_NS_ASSERTIONS = NO;
				ENABLE_STRICT_OBJC_MSGSEND = YES;
				GCC_C_LANGUAGE_STANDARD = gnu11;
				GCC_NO_COMMON_BLOCKS = YES;
				GCC_WARN_64_TO_32_BIT_CONVERSION = YES;
				GCC_WARN_ABOUT_RETURN_TYPE = YES_ERROR;
				GCC_WARN_UNDECLARED_SELECTOR = YES;
				GCC_WARN_UNINITIALIZED_AUTOS = YES_AGGRESSIVE;
				GCC_WARN_UNUSED_FUNCTION = YES;
				GCC_WARN_UNUSED_VARIABLE = YES;
				IPHONEOS_DEPLOYMENT_TARGET = 16.2;
				MTL_ENABLE_DEBUG_INFO = NO;
				MTL_FAST_MATH = YES;
				SDKROOT = iphoneos;
				SWIFT_COMPILATION_MODE = wholemodule;
				SWIFT_OPTIMIZATION_LEVEL = "-O";
				VALIDATE_PRODUCT = YES;
			};
			name = Release;
		};
		F3B68A3729A97CF4004D2DF0 /* Debug */ = {
			isa = XCBuildConfiguration;
			buildSettings = {
				ASSETCATALOG_COMPILER_APPICON_NAME = AppIcon;
				ASSETCATALOG_COMPILER_GLOBAL_ACCENT_COLOR_NAME = AccentColor;
				CODE_SIGN_STYLE = Automatic;
				CURRENT_PROJECT_VERSION = 1;
				DEVELOPMENT_ASSET_PATHS = "\"WhatIAteToday.Ver1/Preview Content\"";
				ENABLE_PREVIEWS = YES;
				GENERATE_INFOPLIST_FILE = YES;
				INFOPLIST_KEY_UIApplicationSceneManifest_Generation = YES;
				INFOPLIST_KEY_UIApplicationSupportsIndirectInputEvents = YES;
				INFOPLIST_KEY_UILaunchScreen_Generation = YES;
				INFOPLIST_KEY_UILaunchStoryboardName = "Launch Screen.storyboard";
				INFOPLIST_KEY_UISupportedInterfaceOrientations_iPad = "UIInterfaceOrientationPortrait UIInterfaceOrientationPortraitUpsideDown UIInterfaceOrientationLandscapeLeft UIInterfaceOrientationLandscapeRight";
				INFOPLIST_KEY_UISupportedInterfaceOrientations_iPhone = "UIInterfaceOrientationPortrait UIInterfaceOrientationLandscapeLeft UIInterfaceOrientationLandscapeRight";
				LD_RUNPATH_SEARCH_PATHS = (
					"$(inherited)",
					"@executable_path/Frameworks",
				);
				MARKETING_VERSION = 1.0;
				PRODUCT_BUNDLE_IDENTIFIER = "JWKY.WhatIAteToday-Ver1";
				PRODUCT_NAME = "$(TARGET_NAME)";
				SWIFT_EMIT_LOC_STRINGS = YES;
				SWIFT_VERSION = 5.0;
				TARGETED_DEVICE_FAMILY = "1,2";
			};
			name = Debug;
		};
		F3B68A3829A97CF4004D2DF0 /* Release */ = {
			isa = XCBuildConfiguration;
			buildSettings = {
				ASSETCATALOG_COMPILER_APPICON_NAME = AppIcon;
				ASSETCATALOG_COMPILER_GLOBAL_ACCENT_COLOR_NAME = AccentColor;
				CODE_SIGN_STYLE = Automatic;
				CURRENT_PROJECT_VERSION = 1;
				DEVELOPMENT_ASSET_PATHS = "\"WhatIAteToday.Ver1/Preview Content\"";
				ENABLE_PREVIEWS = YES;
				GENERATE_INFOPLIST_FILE = YES;
				INFOPLIST_KEY_UIApplicationSceneManifest_Generation = YES;
				INFOPLIST_KEY_UIApplicationSupportsIndirectInputEvents = YES;
				INFOPLIST_KEY_UILaunchScreen_Generation = YES;
				INFOPLIST_KEY_UILaunchStoryboardName = "Launch Screen.storyboard";
				INFOPLIST_KEY_UISupportedInterfaceOrientations_iPad = "UIInterfaceOrientationPortrait UIInterfaceOrientationPortraitUpsideDown UIInterfaceOrientationLandscapeLeft UIInterfaceOrientationLandscapeRight";
				INFOPLIST_KEY_UISupportedInterfaceOrientations_iPhone = "UIInterfaceOrientationPortrait UIInterfaceOrientationLandscapeLeft UIInterfaceOrientationLandscapeRight";
				LD_RUNPATH_SEARCH_PATHS = (
					"$(inherited)",
					"@executable_path/Frameworks",
				);
				MARKETING_VERSION = 1.0;
				PRODUCT_BUNDLE_IDENTIFIER = "JWKY.WhatIAteToday-Ver1";
				PRODUCT_NAME = "$(TARGET_NAME)";
				SWIFT_EMIT_LOC_STRINGS = YES;
				SWIFT_VERSION = 5.0;
				TARGETED_DEVICE_FAMILY = "1,2";
			};
			name = Release;
		};
		F3B68A3A29A97CF4004D2DF0 /* Debug */ = {
			isa = XCBuildConfiguration;
			buildSettings = {
				ALWAYS_EMBED_SWIFT_STANDARD_LIBRARIES = YES;
				BUNDLE_LOADER = "$(TEST_HOST)";
				CODE_SIGN_STYLE = Automatic;
				CURRENT_PROJECT_VERSION = 1;
				GENERATE_INFOPLIST_FILE = YES;
				IPHONEOS_DEPLOYMENT_TARGET = 16.2;
				MARKETING_VERSION = 1.0;
				PRODUCT_BUNDLE_IDENTIFIER = "JWKY.WhatIAteToday-Ver1Tests";
				PRODUCT_NAME = "$(TARGET_NAME)";
				SWIFT_EMIT_LOC_STRINGS = NO;
				SWIFT_VERSION = 5.0;
				TARGETED_DEVICE_FAMILY = "1,2";
				TEST_HOST = "$(BUILT_PRODUCTS_DIR)/WhatIAteToday.Ver1.app/$(BUNDLE_EXECUTABLE_FOLDER_PATH)/WhatIAteToday.Ver1";
			};
			name = Debug;
		};
		F3B68A3B29A97CF4004D2DF0 /* Release */ = {
			isa = XCBuildConfiguration;
			buildSettings = {
				ALWAYS_EMBED_SWIFT_STANDARD_LIBRARIES = YES;
				BUNDLE_LOADER = "$(TEST_HOST)";
				CODE_SIGN_STYLE = Automatic;
				CURRENT_PROJECT_VERSION = 1;
				GENERATE_INFOPLIST_FILE = YES;
				IPHONEOS_DEPLOYMENT_TARGET = 16.2;
				MARKETING_VERSION = 1.0;
				PRODUCT_BUNDLE_IDENTIFIER = "JWKY.WhatIAteToday-Ver1Tests";
				PRODUCT_NAME = "$(TARGET_NAME)";
				SWIFT_EMIT_LOC_STRINGS = NO;
				SWIFT_VERSION = 5.0;
				TARGETED_DEVICE_FAMILY = "1,2";
				TEST_HOST = "$(BUILT_PRODUCTS_DIR)/WhatIAteToday.Ver1.app/$(BUNDLE_EXECUTABLE_FOLDER_PATH)/WhatIAteToday.Ver1";
			};
			name = Release;
		};
		F3B68A3D29A97CF4004D2DF0 /* Debug */ = {
			isa = XCBuildConfiguration;
			buildSettings = {
				ALWAYS_EMBED_SWIFT_STANDARD_LIBRARIES = YES;
				CODE_SIGN_STYLE = Automatic;
				CURRENT_PROJECT_VERSION = 1;
				GENERATE_INFOPLIST_FILE = YES;
				MARKETING_VERSION = 1.0;
				PRODUCT_BUNDLE_IDENTIFIER = "JWKY.WhatIAteToday-Ver1UITests";
				PRODUCT_NAME = "$(TARGET_NAME)";
				SWIFT_EMIT_LOC_STRINGS = NO;
				SWIFT_VERSION = 5.0;
				TARGETED_DEVICE_FAMILY = "1,2";
				TEST_TARGET_NAME = WhatIAteToday.Ver1;
			};
			name = Debug;
		};
		F3B68A3E29A97CF4004D2DF0 /* Release */ = {
			isa = XCBuildConfiguration;
			buildSettings = {
				ALWAYS_EMBED_SWIFT_STANDARD_LIBRARIES = YES;
				CODE_SIGN_STYLE = Automatic;
				CURRENT_PROJECT_VERSION = 1;
				GENERATE_INFOPLIST_FILE = YES;
				MARKETING_VERSION = 1.0;
				PRODUCT_BUNDLE_IDENTIFIER = "JWKY.WhatIAteToday-Ver1UITests";
				PRODUCT_NAME = "$(TARGET_NAME)";
				SWIFT_EMIT_LOC_STRINGS = NO;
				SWIFT_VERSION = 5.0;
				TARGETED_DEVICE_FAMILY = "1,2";
				TEST_TARGET_NAME = WhatIAteToday.Ver1;
			};
			name = Release;
		};
/* End XCBuildConfiguration section */

/* Begin XCConfigurationList section */
		F3B68A0D29A97CF1004D2DF0 /* Build configuration list for PBXProject "WhatIAteToday.Ver1" */ = {
			isa = XCConfigurationList;
			buildConfigurations = (
				F3B68A3429A97CF4004D2DF0 /* Debug */,
				F3B68A3529A97CF4004D2DF0 /* Release */,
			);
			defaultConfigurationIsVisible = 0;
			defaultConfigurationName = Release;
		};
		F3B68A3629A97CF4004D2DF0 /* Build configuration list for PBXNativeTarget "WhatIAteToday.Ver1" */ = {
			isa = XCConfigurationList;
			buildConfigurations = (
				F3B68A3729A97CF4004D2DF0 /* Debug */,
				F3B68A3829A97CF4004D2DF0 /* Release */,
			);
			defaultConfigurationIsVisible = 0;
			defaultConfigurationName = Release;
		};
		F3B68A3929A97CF4004D2DF0 /* Build configuration list for PBXNativeTarget "WhatIAteToday.Ver1Tests" */ = {
			isa = XCConfigurationList;
			buildConfigurations = (
				F3B68A3A29A97CF4004D2DF0 /* Debug */,
				F3B68A3B29A97CF4004D2DF0 /* Release */,
			);
			defaultConfigurationIsVisible = 0;
			defaultConfigurationName = Release;
		};
		F3B68A3C29A97CF4004D2DF0 /* Build configuration list for PBXNativeTarget "WhatIAteToday.Ver1UITests" */ = {
			isa = XCConfigurationList;
			buildConfigurations = (
				F3B68A3D29A97CF4004D2DF0 /* Debug */,
				F3B68A3E29A97CF4004D2DF0 /* Release */,
			);
			defaultConfigurationIsVisible = 0;
			defaultConfigurationName = Release;
		};
/* End XCConfigurationList section */
	};
	rootObject = F3B68A0A29A97CF1004D2DF0 /* Project object */;
}
